
Microsoft Visual Studio Solution File, Format Version 9.00
# Visual Studio 2005
Project("{E24C65DC-7377-472B-9ABA-BC803B73C61A}") = "E:\...\shopWebMis\", ".", "{7F7414C6-F1F4-4061-B17C-83921E7772B4}"
	ProjectSection(WebsiteProperties) = preProject
		Debug.AspNetCompiler.VirtualPath = "/shopWebMis"
		Debug.AspNetCompiler.PhysicalPath = "..\shopWebMis\"
		Debug.AspNetCompiler.TargetPath = "PrecompiledWeb\shopWebMis\"
		Debug.AspNetCompiler.Updateable = "true"
		Debug.AspNetCompiler.ForceOverwrite = "true"
		Debug.AspNetCompiler.FixedNames = "false"
		Debug.AspNetCompiler.Debug = "True"
		Release.AspNetCompiler.VirtualPath = "/shopWebMis"
		Release.AspNetCompiler.PhysicalPath = "..\shopWebMis\"
		Release.AspNetCompiler.TargetPath = "PrecompiledWeb\shopWebMis\"
		Release.AspNetCompiler.Updateable = "true"
		Release.AspNetCompiler.ForceOverwrite = "true"
		Release.AspNetCompiler.FixedNames = "false"
		Release.AspNetCompiler.Debug = "False"
		VWDPort = "36852"
		DefaultWebSiteLanguage = "Visual C#"
	EndProjectSection
EndProject
Global
	GlobalSection(SolutionConfigurationPlatforms) = preSolution
		Debug|.NET = Debug|.NET
	EndGlobalSection
	GlobalSection(ProjectConfigurationPlatforms) = postSolution
		{7F7414C6-F1F4-4061-B17C-83921E7772B4}.Debug|.NET.ActiveCfg = Debug|.NET
		{7F7414C6-F1F4-4061-B17C-83921E7772B4}.Debug|.NET.Build.0 = Debug|.NET
	EndGlobalSection
	GlobalSection(SolutionProperties) = preSolution
		HideSolutionNode = FALSE
	EndGlobalSection
EndGlobal
